Microsoft Visual Studio Solution File, Format Version 12.00
# Visual Studio Version 17
VisualStudioVersion = 17.7.33424.545
MinimumVisualStudioVersion = 10.0.40219.1
Project("{FAE04EC0-301F-11D3-BF4B-00C04F79EFBC}") = "ReplayRenderer", "ReplayRenderer.csproj", "{B67742C1-C1CF-4A89-92A0-F444C743801B}"
EndProject
Global
	GlobalSection(SolutionConfigurationPlatforms) = preSolution
		Debug|Any CPU = Debug|Any CPU
		Release|Any CPU = Release|Any CPU
	EndGlobalSection
	GlobalSection(ProjectConfigurationPlatforms) = postSolution
		{B67742C1-C1CF-4A89-92A0-F444C743801B}.Debug|Any CPU.ActiveCfg = Debug|Any CPU
		{B67742C1-C1CF-4A89-92A0-F444C743801B}.Debug|Any CPU.Build.0 = Debug|Any CPU
		{B67742C1-C1CF-4A89-92A0-F444C743801B}.Release|Any CPU.ActiveCfg = Release|Any CPU
		{B67742C1-C1CF-4A89-92A0-F444C743801B}.Release|Any CPU.Build.0 = Release|Any CPU
	EndGlobalSection
	GlobalSection(SolutionProperties) = preSolution
		HideSolutionNode = FALSE
	EndGlobalSection
EndGlobal
